
Microsoft Visual Studio Solution File, Format Version 12.00
# Visual Studio Version 17
VisualStudioVersion = 17.0.31903.59
MinimumVisualStudioVersion = 10.0.40219.1
Project("{2150E333-8FDC-42A3-9474-1A3956D46DE8}") = "Services", "Services", "{DFEABCBF-5654-45F7-808E-5C4B642D22B6}"
EndProject
Project("{FAE04EC0-301F-11D3-BF4B-00C04F79EFBC}") = "BimshireStore.Services.CouponAPI", "Services\BimshireStore.Services.CouponAPI\BimshireStore.Services.CouponAPI.csproj", "{60260505-768A-4F67-982B-F011AE9E69F3}"
EndProject
Global
	GlobalSection(SolutionConfigurationPlatforms) = preSolution
		Debug|Any CPU = Debug|Any CPU
		Release|Any CPU = Release|Any CPU
	EndGlobalSection
	GlobalSection(ProjectConfigurationPlatforms) = postSolution
		{60260505-768A-4F67-982B-F011AE9E69F3}.Debug|Any CPU.ActiveCfg = Debug|Any CPU
		{60260505-768A-4F67-982B-F011AE9E69F3}.Debug|Any CPU.Build.0 = Debug|Any CPU
		{60260505-768A-4F67-982B-F011AE9E69F3}.Release|Any CPU.ActiveCfg = Release|Any CPU
		{60260505-768A-4F67-982B-F011AE9E69F3}.Release|Any CPU.Build.0 = Release|Any CPU
	EndGlobalSection
	GlobalSection(SolutionProperties) = preSolution
		HideSolutionNode = FALSE
	EndGlobalSection
	GlobalSection(NestedProjects) = preSolution
		{60260505-768A-4F67-982B-F011AE9E69F3} = {DFEABCBF-5654-45F7-808E-5C4B642D22B6}
	EndGlobalSection
EndGlobal
